
Microsoft Visual Studio Solution File, Format Version 12.00
# Visual Studio Version 16
VisualStudioVersion = 16.0.29613.14
MinimumVisualStudioVersion = 10.0.40219.1
Project("{9A19103F-16F7-4668-BE54-9A1E7A4F7556}") = "SkillAppAdoDapperWebApi.WEBAPI", "SkillAppAdoDapperWebApi\SkillAppAdoDapperWebApi.WEBAPI.csproj", "{0AD9516D-9729-41D5-B8FE-D31A024E3A81}"
EndProject
Project("{FAE04EC0-301F-11D3-BF4B-00C04F79EFBC}") = "SkillAppAdoDapperWebApi.BLL", "..\SkillAppAdoWebApi.BLL\SkillAppAdoDapperWebApi.BLL\SkillAppAdoDapperWebApi.BLL.csproj", "{531A1A70-091A-4B8E-9EE1-9DF3DA9E3951}"
EndProject
Project("{FAE04EC0-301F-11D3-BF4B-00C04F79EFBC}") = "SkillAppAdoDapperWebApi.Repository", "..\SkillAppAdoWebApi.Repository\SkillAppAdoDapperWebApi.Repository\SkillAppAdoDapperWebApi.Repository.csproj", "{21CCA12F-CCC7-44B3-9B6A-CD9A5DC97B23}"
EndProject
Project("{FAE04EC0-301F-11D3-BF4B-00C04F79EFBC}") = "SkillAppAdoDapperWebApi.DAL", "..\SkillAppAdoDapperWebApi.DAL\SkillAppAdoDapperWebApi.DAL\SkillAppAdoDapperWebApi.DAL.csproj", "{AA5ECF36-6F84-4265-8974-00DEBF12EA46}"
EndProject
Project("{FAE04EC0-301F-11D3-BF4B-00C04F79EFBC}") = "SkillAppAdoWebApi.Infrastracture", "..\SkillAppAdoWebApi.Infrastracture\SkillAppAdoWebApi.Infrastracture\SkillAppAdoWebApi.Infrastracture.csproj", "{A0278217-2A3E-4CF1-A789-CAAE02CCB9A3}"
EndProject
Global
	GlobalSection(SolutionConfigurationPlatforms) = preSolution
		Debug|Any CPU = Debug|Any CPU
		Release|Any CPU = Release|Any CPU
	EndGlobalSection
	GlobalSection(ProjectConfigurationPlatforms) = postSolution
		{0AD9516D-9729-41D5-B8FE-D31A024E3A81}.Debug|Any CPU.ActiveCfg = Debug|Any CPU
		{0AD9516D-9729-41D5-B8FE-D31A024E3A81}.Debug|Any CPU.Build.0 = Debug|Any CPU
		{0AD9516D-9729-41D5-B8FE-D31A024E3A81}.Release|Any CPU.ActiveCfg = Release|Any CPU
		{0AD9516D-9729-41D5-B8FE-D31A024E3A81}.Release|Any CPU.Build.0 = Release|Any CPU
		{531A1A70-091A-4B8E-9EE1-9DF3DA9E3951}.Debug|Any CPU.ActiveCfg = Debug|Any CPU
		{531A1A70-091A-4B8E-9EE1-9DF3DA9E3951}.Debug|Any CPU.Build.0 = Debug|Any CPU
		{531A1A70-091A-4B8E-9EE1-9DF3DA9E3951}.Release|Any CPU.ActiveCfg = Release|Any CPU
		{531A1A70-091A-4B8E-9EE1-9DF3DA9E3951}.Release|Any CPU.Build.0 = Release|Any CPU
		{21CCA12F-CCC7-44B3-9B6A-CD9A5DC97B23}.Debug|Any CPU.ActiveCfg = Debug|Any CPU
		{21CCA12F-CCC7-44B3-9B6A-CD9A5DC97B23}.Debug|Any CPU.Build.0 = Debug|Any CPU
		{21CCA12F-CCC7-44B3-9B6A-CD9A5DC97B23}.Release|Any CPU.ActiveCfg = Release|Any CPU
		{21CCA12F-CCC7-44B3-9B6A-CD9A5DC97B23}.Release|Any CPU.Build.0 = Release|Any CPU
		{AA5ECF36-6F84-4265-8974-00DEBF12EA46}.Debug|Any CPU.ActiveCfg = Debug|Any CPU
		{AA5ECF36-6F84-4265-8974-00DEBF12EA46}.Debug|Any CPU.Build.0 = Debug|Any CPU
		{AA5ECF36-6F84-4265-8974-00DEBF12EA46}.Release|Any CPU.ActiveCfg = Release|Any CPU
		{AA5ECF36-6F84-4265-8974-00DEBF12EA46}.Release|Any CPU.Build.0 = Release|Any CPU
		{A0278217-2A3E-4CF1-A789-CAAE02CCB9A3}.Debug|Any CPU.ActiveCfg = Debug|Any CPU
		{A0278217-2A3E-4CF1-A789-CAAE02CCB9A3}.Debug|Any CPU.Build.0 = Debug|Any CPU
		{A0278217-2A3E-4CF1-A789-CAAE02CCB9A3}.Release|Any CPU.ActiveCfg = Release|Any CPU
		{A0278217-2A3E-4CF1-A789-CAAE02CCB9A3}.Release|Any CPU.Build.0 = Release|Any CPU
	EndGlobalSection
	GlobalSection(SolutionProperties) = preSolution
		HideSolutionNode = FALSE
	EndGlobalSection
	GlobalSection(ExtensibilityGlobals) = postSolution
		SolutionGuid = {9DBDE057-3713-4B4E-8F4D-45FFEEFBF5C7}
	EndGlobalSection
EndGlobal
